// !$*UTF8*$!
{
	archiveVersion = 1;
	classes = {
	};
	objectVersion = 56;
	objects = {

/* Begin PBXBuildFile section */
		28362BC129E963EB00F3F34A /* DelivereeAppApp.swift in Sources */ = {isa = PBXBuildFile; fileRef = 28362BC029E963EB00F3F34A /* DelivereeAppApp.swift */; };
		28362BC329E963EB00F3F34A /* ContentView.swift in Sources */ = {isa = PBXBuildFile; fileRef = 28362BC229E963EB00F3F34A /* ContentView.swift */; };
		28362BC529E963EC00F3F34A /* Assets.xcassets in Resources */ = {isa = PBXBuildFile; fileRef = 28362BC429E963EC00F3F34A /* Assets.xcassets */; };
		28362BC829E963EC00F3F34A /* Preview Assets.xcassets in Resources */ = {isa = PBXBuildFile; fileRef = 28362BC729E963EC00F3F34A /* Preview Assets.xcassets */; };
		28362BD029E973B600F3F34A /* SnapKit in Frameworks */ = {isa = PBXBuildFile; productRef = 28362BCF29E973B600F3F34A /* SnapKit */; };
		28362BE429EC3B3800F3F34A /* Poppins-Bold.ttf in Resources */ = {isa = PBXBuildFile; fileRef = 28362BD229EC3B3800F3F34A /* Poppins-Bold.ttf */; };
		28362BE529EC3B3800F3F34A /* Poppins-ExtraLightItalic.ttf in Resources */ = {isa = PBXBuildFile; fileRef = 28362BD329EC3B3800F3F34A /* Poppins-ExtraLightItalic.ttf */; };
		28362BE629EC3B3800F3F34A /* Poppins-SemiBoldItalic.ttf in Resources */ = {isa = PBXBuildFile; fileRef = 28362BD429EC3B3800F3F34A /* Poppins-SemiBoldItalic.ttf */; };
		28362BE729EC3B3800F3F34A /* Poppins-MediumItalic.ttf in Resources */ = {isa = PBXBuildFile; fileRef = 28362BD529EC3B3800F3F34A /* Poppins-MediumItalic.ttf */; };
		28362BE829EC3B3800F3F34A /* Poppins-ExtraBoldItalic.ttf in Resources */ = {isa = PBXBuildFile; fileRef = 28362BD629EC3B3800F3F34A /* Poppins-ExtraBoldItalic.ttf */; };
		28362BE929EC3B3800F3F34A /* Poppins-Light.ttf in Resources */ = {isa = PBXBuildFile; fileRef = 28362BD729EC3B3800F3F34A /* Poppins-Light.ttf */; };
		28362BEA29EC3B3800F3F34A /* Poppins-Regular.ttf in Resources */ = {isa = PBXBuildFile; fileRef = 28362BD829EC3B3800F3F34A /* Poppins-Regular.ttf */; };
		28362BEB29EC3B3800F3F34A /* Poppins-Italic.ttf in Resources */ = {isa = PBXBuildFile; fileRef = 28362BD929EC3B3800F3F34A /* Poppins-Italic.ttf */; };
		28362BEC29EC3B3800F3F34A /* Poppins-BlackItalic.ttf in Resources */ = {isa = PBXBuildFile; fileRef = 28362BDA29EC3B3800F3F34A /* Poppins-BlackItalic.ttf */; };
		28362BED29EC3B3800F3F34A /* Poppins-ThinItalic.ttf in Resources */ = {isa = PBXBuildFile; fileRef = 28362BDB29EC3B3800F3F34A /* Poppins-ThinItalic.ttf */; };
		28362BEE29EC3B3800F3F34A /* Poppins-Medium.ttf in Resources */ = {isa = PBXBuildFile; fileRef = 28362BDC29EC3B3800F3F34A /* Poppins-Medium.ttf */; };
		28362BEF29EC3B3800F3F34A /* Poppins-Black.ttf in Resources */ = {isa = PBXBuildFile; fileRef = 28362BDD29EC3B3800F3F34A /* Poppins-Black.ttf */; };
		28362BF029EC3B3800F3F34A /* Poppins-SemiBold.ttf in Resources */ = {isa = PBXBuildFile; fileRef = 28362BDE29EC3B3800F3F34A /* Poppins-SemiBold.ttf */; };
		28362BF129EC3B3800F3F34A /* Poppins-BoldItalic.ttf in Resources */ = {isa = PBXBuildFile; fileRef = 28362BDF29EC3B3800F3F34A /* Poppins-BoldItalic.ttf */; };
		28362BF229EC3B3800F3F34A /* Poppins-LightItalic.ttf in Resources */ = {isa = PBXBuildFile; fileRef = 28362BE029EC3B3800F3F34A /* Poppins-LightItalic.ttf */; };
		28362BF329EC3B3800F3F34A /* Poppins-Thin.ttf in Resources */ = {isa = PBXBuildFile; fileRef = 28362BE129EC3B3800F3F34A /* Poppins-Thin.ttf */; };
		28362BF429EC3B3800F3F34A /* Poppins-ExtraBold.ttf in Resources */ = {isa = PBXBuildFile; fileRef = 28362BE229EC3B3800F3F34A /* Poppins-ExtraBold.ttf */; };
		28362BF529EC3B3800F3F34A /* Poppins-ExtraLight.ttf in Resources */ = {isa = PBXBuildFile; fileRef = 28362BE329EC3B3800F3F34A /* Poppins-ExtraLight.ttf */; };
		28362BFC29EC92C900F3F34A /* SecondDetailView.swift in Sources */ = {isa = PBXBuildFile; fileRef = 28362BFB29EC92C900F3F34A /* SecondDetailView.swift */; };
		28362BFE29ED4BA800F3F34A /* Launch Screen.storyboard in Resources */ = {isa = PBXBuildFile; fileRef = 28362BFD29ED4BA800F3F34A /* Launch Screen.storyboard */; };
/* End PBXBuildFile section */

/* Begin PBXFileReference section */
		28362BBD29E963EB00F3F34A /* DelivereeApp.app */ = {isa = PBXFileReference; explicitFileType = wrapper.application; includeInIndex = 0; path = DelivereeApp.app; sourceTree = BUILT_PRODUCTS_DIR; };
		28362BC029E963EB00F3F34A /* DelivereeAppApp.swift */ = {isa = PBXFileReference; lastKnownFileType = sourcecode.swift; path = DelivereeAppApp.swift; sourceTree = "<group>"; };
		28362BC229E963EB00F3F34A /* ContentView.swift */ = {isa = PBXFileReference; lastKnownFileType = sourcecode.swift; path = ContentView.swift; sourceTree = "<group>"; };
		28362BC429E963EC00F3F34A /* Assets.xcassets */ = {isa = PBXFileReference; lastKnownFileType = folder.assetcatalog; path = Assets.xcassets; sourceTree = "<group>"; };
		28362BC729E963EC00F3F34A /* Preview Assets.xcassets */ = {isa = PBXFileReference; lastKnownFileType = folder.assetcatalog; path = "Preview Assets.xcassets"; sourceTree = "<group>"; };
		28362BD229EC3B3800F3F34A /* Poppins-Bold.ttf */ = {isa = PBXFileReference; lastKnownFileType = file; name = "Poppins-Bold.ttf"; path = "Poppins/Poppins-Bold.ttf"; sourceTree = SOURCE_ROOT; };
		28362BD329EC3B3800F3F34A /* Poppins-ExtraLightItalic.ttf */ = {isa = PBXFileReference; lastKnownFileType = file; name = "Poppins-ExtraLightItalic.ttf"; path = "Poppins/Poppins-ExtraLightItalic.ttf"; sourceTree = SOURCE_ROOT; };
		28362BD429EC3B3800F3F34A /* Poppins-SemiBoldItalic.ttf */ = {isa = PBXFileReference; lastKnownFileType = file; name = "Poppins-SemiBoldItalic.ttf"; path = "Poppins/Poppins-SemiBoldItalic.ttf"; sourceTree = SOURCE_ROOT; };
		28362BD529EC3B3800F3F34A /* Poppins-MediumItalic.ttf */ = {isa = PBXFileReference; lastKnownFileType = file; name = "Poppins-MediumItalic.ttf"; path = "Poppins/Poppins-MediumItalic.ttf"; sourceTree = SOURCE_ROOT; };
		28362BD629EC3B3800F3F34A /* Poppins-ExtraBoldItalic.ttf */ = {isa = PBXFileReference; lastKnownFileType = file; name = "Poppins-ExtraBoldItalic.ttf"; path = "Poppins/Poppins-ExtraBoldItalic.ttf"; sourceTree = SOURCE_ROOT; };
		28362BD729EC3B3800F3F34A /* Poppins-Light.ttf */ = {isa = PBXFileReference; lastKnownFileType = file; name = "Poppins-Light.ttf"; path = "Poppins/Poppins-Light.ttf"; sourceTree = SOURCE_ROOT; };
		28362BD829EC3B3800F3F34A /* Poppins-Regular.ttf */ = {isa = PBXFileReference; lastKnownFileType = file; name = "Poppins-Regular.ttf"; path = "Poppins/Poppins-Regular.ttf"; sourceTree = SOURCE_ROOT; };
		28362BD929EC3B3800F3F34A /* Poppins-Italic.ttf */ = {isa = PBXFileReference; lastKnownFileType = file; name = "Poppins-Italic.ttf"; path = "Poppins/Poppins-Italic.ttf"; sourceTree = SOURCE_ROOT; };
		28362BDA29EC3B3800F3F34A /* Poppins-BlackItalic.ttf */ = {isa = PBXFileReference; lastKnownFileType = file; name = "Poppins-BlackItalic.ttf"; path = "Poppins/Poppins-BlackItalic.ttf"; sourceTree = SOURCE_ROOT; };
		28362BDB29EC3B3800F3F34A /* Poppins-ThinItalic.ttf */ = {isa = PBXFileReference; lastKnownFileType = file; name = "Poppins-ThinItalic.ttf"; path = "Poppins/Poppins-ThinItalic.ttf"; sourceTree = SOURCE_ROOT; };
		28362BDC29EC3B3800F3F34A /* Poppins-Medium.ttf */ = {isa = PBXFileReference; lastKnownFileType = file; name = "Poppins-Medium.ttf"; path = "Poppins/Poppins-Medium.ttf"; sourceTree = SOURCE_ROOT; };
		28362BDD29EC3B3800F3F34A /* Poppins-Black.ttf */ = {isa = PBXFileReference; lastKnownFileType = file; name = "Poppins-Black.ttf"; path = "Poppins/Poppins-Black.ttf"; sourceTree = SOURCE_ROOT; };
		28362BDE29EC3B3800F3F34A /* Poppins-SemiBold.ttf */ = {isa = PBXFileReference; lastKnownFileType = file; name = "Poppins-SemiBold.ttf"; path = "Poppins/Poppins-SemiBold.ttf"; sourceTree = SOURCE_ROOT; };
		28362BDF29EC3B3800F3F34A /* Poppins-BoldItalic.ttf */ = {isa = PBXFileReference; lastKnownFileType = file; name = "Poppins-BoldItalic.ttf"; path = "Poppins/Poppins-BoldItalic.ttf"; sourceTree = SOURCE_ROOT; };
		28362BE029EC3B3800F3F34A /* Poppins-LightItalic.ttf */ = {isa = PBXFileReference; lastKnownFileType = file; name = "Poppins-LightItalic.ttf"; path = "Poppins/Poppins-LightItalic.ttf"; sourceTree = SOURCE_ROOT; };
		28362BE129EC3B3800F3F34A /* Poppins-Thin.ttf */ = {isa = PBXFileReference; lastKnownFileType = file; name = "Poppins-Thin.ttf"; path = "Poppins/Poppins-Thin.ttf"; sourceTree = SOURCE_ROOT; };
		28362BE229EC3B3800F3F34A /* Poppins-ExtraBold.ttf */ = {isa = PBXFileReference; lastKnownFileType = file; name = "Poppins-ExtraBold.ttf"; path = "Poppins/Poppins-ExtraBold.ttf"; sourceTree = SOURCE_ROOT; };
		28362BE329EC3B3800F3F34A /* Poppins-ExtraLight.ttf */ = {isa = PBXFileReference; lastKnownFileType = file; name = "Poppins-ExtraLight.ttf"; path = "Poppins/Poppins-ExtraLight.ttf"; sourceTree = SOURCE_ROOT; };
		28362BF629EC3B8A00F3F34A /* Info.plist */ = {isa = PBXFileReference; lastKnownFileType = text.plist.xml; path = Info.plist; sourceTree = "<group>"; };
		28362BFB29EC92C900F3F34A /* SecondDetailView.swift */ = {isa = PBXFileReference; lastKnownFileType = sourcecode.swift; path = SecondDetailView.swift; sourceTree = "<group>"; };
		28362BFD29ED4BA800F3F34A /* Launch Screen.storyboard */ = {isa = PBXFileReference; lastKnownFileType = file.storyboard; path = "Launch Screen.storyboard"; sourceTree = "<group>"; };
/* End PBXFileReference section */

/* Begin PBXFrameworksBuildPhase section */
		28362BBA29E963EB00F3F34A /* Frameworks */ = {
			isa = PBXFrameworksBuildPhase;
			buildActionMask = 2147483647;
			files = (
				28362BD029E973B600F3F34A /* SnapKit in Frameworks */,
			);
			runOnlyForDeploymentPostprocessing = 0;
		};
/* End PBXFrameworksBuildPhase section */

/* Begin PBXGroup section */
		28362BB429E963EB00F3F34A = {
			isa = PBXGroup;
			children = (
				28362BBF29E963EB00F3F34A /* DelivereeApp */,
				28362BFD29ED4BA800F3F34A /* Launch Screen.storyboard */,
				28362BC429E963EC00F3F34A /* Assets.xcassets */,
				28362BF629EC3B8A00F3F34A /* Info.plist */,
				28362BBE29E963EB00F3F34A /* Products */,
			);
			sourceTree = "<group>";
		};
		28362BBE29E963EB00F3F34A /* Products */ = {
			isa = PBXGroup;
			children = (
				28362BBD29E963EB00F3F34A /* DelivereeApp.app */,
			);
			name = Products;
			sourceTree = "<group>";
		};
		28362BBF29E963EB00F3F34A /* DelivereeApp */ = {
			isa = PBXGroup;
			children = (
				28362BF829EC922D00F3F34A /* Components */,
				28362BF729EC922500F3F34A /* View */,
				28362BD129EC361E00F3F34A /* Font */,
				28362BC629E963EC00F3F34A /* Preview Content */,
			);
			path = DelivereeApp;
			sourceTree = "<group>";
		};
		28362BC629E963EC00F3F34A /* Preview Content */ = {
			isa = PBXGroup;
			children = (
				28362BC729E963EC00F3F34A /* Preview Assets.xcassets */,
			);
			path = "Preview Content";
			sourceTree = "<group>";
		};
		28362BD129EC361E00F3F34A /* Font */ = {
			isa = PBXGroup;
			children = (
				28362BDD29EC3B3800F3F34A /* Poppins-Black.ttf */,
				28362BDA29EC3B3800F3F34A /* Poppins-BlackItalic.ttf */,
				28362BD229EC3B3800F3F34A /* Poppins-Bold.ttf */,
				28362BDF29EC3B3800F3F34A /* Poppins-BoldItalic.ttf */,
				28362BE229EC3B3800F3F34A /* Poppins-ExtraBold.ttf */,
				28362BD629EC3B3800F3F34A /* Poppins-ExtraBoldItalic.ttf */,
				28362BE329EC3B3800F3F34A /* Poppins-ExtraLight.ttf */,
				28362BD329EC3B3800F3F34A /* Poppins-ExtraLightItalic.ttf */,
				28362BD929EC3B3800F3F34A /* Poppins-Italic.ttf */,
				28362BD729EC3B3800F3F34A /* Poppins-Light.ttf */,
				28362BE029EC3B3800F3F34A /* Poppins-LightItalic.ttf */,
				28362BDC29EC3B3800F3F34A /* Poppins-Medium.ttf */,
				28362BD529EC3B3800F3F34A /* Poppins-MediumItalic.ttf */,
				28362BD829EC3B3800F3F34A /* Poppins-Regular.ttf */,
				28362BDE29EC3B3800F3F34A /* Poppins-SemiBold.ttf */,
				28362BD429EC3B3800F3F34A /* Poppins-SemiBoldItalic.ttf */,
				28362BE129EC3B3800F3F34A /* Poppins-Thin.ttf */,
				28362BDB29EC3B3800F3F34A /* Poppins-ThinItalic.ttf */,
			);
			path = Font;
			sourceTree = "<group>";
		};
		28362BF729EC922500F3F34A /* View */ = {
			isa = PBXGroup;
			children = (
				28362BC029E963EB00F3F34A /* DelivereeAppApp.swift */,
				28362BC229E963EB00F3F34A /* ContentView.swift */,
				28362BFB29EC92C900F3F34A /* SecondDetailView.swift */,
			);
			path = View;
			sourceTree = "<group>";
		};
		28362BF829EC922D00F3F34A /* Components */ = {
			isa = PBXGroup;
			children = (
			);
			path = Components;
			sourceTree = "<group>";
		};
/* End PBXGroup section */

/* Begin PBXNativeTarget section */
		28362BBC29E963EB00F3F34A /* DelivereeApp */ = {
			isa = PBXNativeTarget;
			buildConfigurationList = 28362BCB29E963EC00F3F34A /* Build configuration list for PBXNativeTarget "DelivereeApp" */;
			buildPhases = (
				28362BB929E963EB00F3F34A /* Sources */,
				28362BBA29E963EB00F3F34A /* Frameworks */,
				28362BBB29E963EB00F3F34A /* Resources */,
			);
			buildRules = (
			);
			dependencies = (
			);
			name = DelivereeApp;
			packageProductDependencies = (
				28362BCF29E973B600F3F34A /* SnapKit */,
			);
			productName = DelivereeApp;
			productReference = 28362BBD29E963EB00F3F34A /* DelivereeApp.app */;
			productType = "com.apple.product-type.application";
		};
/* End PBXNativeTarget section */

/* Begin PBXProject section */
		28362BB529E963EB00F3F34A /* Project object */ = {
			isa = PBXProject;
			attributes = {
				BuildIndependentTargetsInParallel = 1;
				LastSwiftUpdateCheck = 1420;
				LastUpgradeCheck = 1420;
				TargetAttributes = {
					28362BBC29E963EB00F3F34A = {
						CreatedOnToolsVersion = 14.2;
					};
				};
			};
			buildConfigurationList = 28362BB829E963EB00F3F34A /* Build configuration list for PBXProject "DelivereeApp" */;
			compatibilityVersion = "Xcode 14.0";
			developmentRegion = en;
			hasScannedForEncodings = 0;
			knownRegions = (
				en,
				Base,
			);
			mainGroup = 28362BB429E963EB00F3F34A;
			packageReferences = (
				28362BCE29E973B600F3F34A /* XCRemoteSwiftPackageReference "SnapKit" */,
			);
			productRefGroup = 28362BBE29E963EB00F3F34A /* Products */;
			projectDirPath = "";
			projectRoot = "";
			targets = (
				28362BBC29E963EB00F3F34A /* DelivereeApp */,
			);
		};
/* End PBXProject section */

/* Begin PBXResourcesBuildPhase section */
		28362BBB29E963EB00F3F34A /* Resources */ = {
			isa = PBXResourcesBuildPhase;
			buildActionMask = 2147483647;
			files = (
				28362BF529EC3B3800F3F34A /* Poppins-ExtraLight.ttf in Resources */,
				28362BF229EC3B3800F3F34A /* Poppins-LightItalic.ttf in Resources */,
				28362BF029EC3B3800F3F34A /* Poppins-SemiBold.ttf in Resources */,
				28362BE629EC3B3800F3F34A /* Poppins-SemiBoldItalic.ttf in Resources */,
				28362BF329EC3B3800F3F34A /* Poppins-Thin.ttf in Resources */,
				28362BE729EC3B3800F3F34A /* Poppins-MediumItalic.ttf in Resources */,
				28362BFE29ED4BA800F3F34A /* Launch Screen.storyboard in Resources */,
				28362BE529EC3B3800F3F34A /* Poppins-ExtraLightItalic.ttf in Resources */,
				28362BEE29EC3B3800F3F34A /* Poppins-Medium.ttf in Resources */,
				28362BEA29EC3B3800F3F34A /* Poppins-Regular.ttf in Resources */,
				28362BE929EC3B3800F3F34A /* Poppins-Light.ttf in Resources */,
				28362BE829EC3B3800F3F34A /* Poppins-ExtraBoldItalic.ttf in Resources */,
				28362BC829E963EC00F3F34A /* Preview Assets.xcassets in Resources */,
				28362BF429EC3B3800F3F34A /* Poppins-ExtraBold.ttf in Resources */,
				28362BE429EC3B3800F3F34A /* Poppins-Bold.ttf in Resources */,
				28362BEB29EC3B3800F3F34A /* Poppins-Italic.ttf in Resources */,
				28362BEF29EC3B3800F3F34A /* Poppins-Black.ttf in Resources */,
				28362BED29EC3B3800F3F34A /* Poppins-ThinItalic.ttf in Resources */,
				28362BC529E963EC00F3F34A /* Assets.xcassets in Resources */,
				28362BEC29EC3B3800F3F34A /* Poppins-BlackItalic.ttf in Resources */,
				28362BF129EC3B3800F3F34A /* Poppins-BoldItalic.ttf in Resources */,
			);
			runOnlyForDeploymentPostprocessing = 0;
		};
/* End PBXResourcesBuildPhase section */

/* Begin PBXSourcesBuildPhase section */
		28362BB929E963EB00F3F34A /* Sources */ = {
			isa = PBXSourcesBuildPhase;
			buildActionMask = 2147483647;
			files = (
				28362BC329E963EB00F3F34A /* ContentView.swift in Sources */,
				28362BC129E963EB00F3F34A /* DelivereeAppApp.swift in Sources */,
				28362BFC29EC92C900F3F34A /* SecondDetailView.swift in Sources */,
			);
			runOnlyForDeploymentPostprocessing = 0;
		};
/* End PBXSourcesBuildPhase section */

/* Begin XCBuildConfiguration section */
		28362BC929E963EC00F3F34A /* Debug */ = {
			isa = XCBuildConfiguration;
			buildSettings = {
				ALWAYS_SEARCH_USER_PATHS = NO;
				CLANG_ANALYZER_NONNULL = YES;
				CLANG_ANALYZER_NUMBER_OBJECT_CONVERSION = YES_AGGRESSIVE;
				CLANG_CXX_LANGUAGE_STANDARD = "gnu++20";
				CLANG_ENABLE_MODULES = YES;
				CLANG_ENABLE_OBJC_ARC = YES;
				CLANG_ENABLE_OBJC_WEAK = YES;
				CLANG_WARN_BLOCK_CAPTURE_AUTORELEASING = YES;
				CLANG_WARN_BOOL_CONVERSION = YES;
				CLANG_WARN_COMMA = YES;
				CLANG_WARN_CONSTANT_CONVERSION = YES;
				CLANG_WARN_DEPRECATED_OBJC_IMPLEMENTATIONS = YES;
				CLANG_WARN_DIRECT_OBJC_ISA_USAGE = YES_ERROR;
				CLANG_WARN_DOCUMENTATION_COMMENTS = YES;
				CLANG_WARN_EMPTY_BODY = YES;
				CLANG_WARN_ENUM_CONVERSION = YES;
				CLANG_WARN_INFINITE_RECURSION = YES;
				CLANG_WARN_INT_CONVERSION = YES;
				CLANG_WARN_NON_LITERAL_NULL_CONVERSION = YES;
				CLANG_WARN_OBJC_IMPLICIT_RETAIN_SELF = YES;
				CLANG_WARN_OBJC_LITERAL_CONVERSION = YES;
				CLANG_WARN_OBJC_ROOT_CLASS = YES_ERROR;
				CLANG_WARN_QUOTED_INCLUDE_IN_FRAMEWORK_HEADER = YES;
				CLANG_WARN_RANGE_LOOP_ANALYSIS = YES;
				CLANG_WARN_STRICT_PROTOTYPES = YES;
				CLANG_WARN_SUSPICIOUS_MOVE = YES;
				CLANG_WARN_UNGUARDED_AVAILABILITY = YES_AGGRESSIVE;
				CLANG_WARN_UNREACHABLE_CODE = YES;
				CLANG_WARN__DUPLICATE_METHOD_MATCH = YES;
				COPY_PHASE_STRIP = NO;
				DEBUG_INFORMATION_FORMAT = dwarf;
				ENABLE_STRICT_OBJC_MSGSEND = YES;
				ENABLE_TESTABILITY = YES;
				GCC_C_LANGUAGE_STANDARD = gnu11;
				GCC_DYNAMIC_NO_PIC = NO;
				GCC_NO_COMMON_BLOCKS = YES;
				GCC_OPTIMIZATION_LEVEL = 0;
				GCC_PREPROCESSOR_DEFINITIONS = (
					"DEBUG=1",
					"$(inherited)",
				);
				GCC_WARN_64_TO_32_BIT_CONVERSION = YES;
				GCC_WARN_ABOUT_RETURN_TYPE = YES_ERROR;
				GCC_WARN_UNDECLARED_SELECTOR = YES;
				GCC_WARN_UNINITIALIZED_AUTOS = YES_AGGRESSIVE;
				GCC_WARN_UNUSED_FUNCTION = YES;
				GCC_WARN_UNUSED_VARIABLE = YES;
				IPHONEOS_DEPLOYMENT_TARGET = 16.2;
				MTL_ENABLE_DEBUG_INFO = INCLUDE_SOURCE;
				MTL_FAST_MATH = YES;
				ONLY_ACTIVE_ARCH = YES;
				SDKROOT = iphoneos;
				SWIFT_ACTIVE_COMPILATION_CONDITIONS = DEBUG;
				SWIFT_OPTIMIZATION_LEVEL = "-Onone";
			};
			name = Debug;
		};
		28362BCA29E963EC00F3F34A /* Release */ = {
			isa = XCBuildConfiguration;
			buildSettings = {
				ALWAYS_SEARCH_USER_PATHS = NO;
				CLANG_ANALYZER_NONNULL = YES;
				CLANG_ANALYZER_NUMBER_OBJECT_CONVERSION = YES_AGGRESSIVE;
				CLANG_CXX_LANGUAGE_STANDARD = "gnu++20";
				CLANG_ENABLE_MODULES = YES;
				CLANG_ENABLE_OBJC_ARC = YES;
				CLANG_ENABLE_OBJC_WEAK = YES;
				CLANG_WARN_BLOCK_CAPTURE_AUTORELEASING = YES;
				CLANG_WARN_BOOL_CONVERSION = YES;
				CLANG_WARN_COMMA = YES;
				CLANG_WARN_CONSTANT_CONVERSION = YES;
				CLANG_WARN_DEPRECATED_OBJC_IMPLEMENTATIONS = YES;
				CLANG_WARN_DIRECT_OBJC_ISA_USAGE = YES_ERROR;
				CLANG_WARN_DOCUMENTATION_COMMENTS = YES;
				CLANG_WARN_EMPTY_BODY = YES;
				CLANG_WARN_ENUM_CONVERSION = YES;
				CLANG_WARN_INFINITE_RECURSION = YES;
				CLANG_WARN_INT_CONVERSION = YES;
				CLANG_WARN_NON_LITERAL_NULL_CONVERSION = YES;
				CLANG_WARN_OBJC_IMPLICIT_RETAIN_SELF = YES;
				CLANG_WARN_OBJC_LITERAL_CONVERSION = YES;
				CLANG_WARN_OBJC_ROOT_CLASS = YES_ERROR;
				CLANG_WARN_QUOTED_INCLUDE_IN_FRAMEWORK_HEADER = YES;
				CLANG_WARN_RANGE_LOOP_ANALYSIS = YES;
				CLANG_WARN_STRICT_PROTOTYPES = YES;
				CLANG_WARN_SUSPICIOUS_MOVE = YES;
				CLANG_WARN_UNGUARDED_AVAILABILITY = YES_AGGRESSIVE;
				CLANG_WARN_UNREACHABLE_CODE = YES;
				CLANG_WARN__DUPLICATE_METHOD_MATCH = YES;
				COPY_PHASE_STRIP = NO;
				DEBUG_INFORMATION_FORMAT = "dwarf-with-dsym";
				ENABLE_NS_ASSERTIONS = NO;
				ENABLE_STRICT_OBJC_MSGSEND = YES;
				GCC_C_LANGUAGE_STANDARD = gnu11;
				GCC_NO_COMMON_BLOCKS = YES;
				GCC_WARN_64_TO_32_BIT_CONVERSION = YES;
				GCC_WARN_ABOUT_RETURN_TYPE = YES_ERROR;
				GCC_WARN_UNDECLARED_SELECTOR = YES;
				GCC_WARN_UNINITIALIZED_AUTOS = YES_AGGRESSIVE;
				GCC_WARN_UNUSED_FUNCTION = YES;
				GCC_WARN_UNUSED_VARIABLE = YES;
				IPHONEOS_DEPLOYMENT_TARGET = 16.2;
				MTL_ENABLE_DEBUG_INFO = NO;
				MTL_FAST_MATH = YES;
				SDKROOT = iphoneos;
				SWIFT_COMPILATION_MODE = wholemodule;
				SWIFT_OPTIMIZATION_LEVEL = "-O";
				VALIDATE_PRODUCT = YES;
			};
			name = Release;
		};
		28362BCC29E963EC00F3F34A /* Debug */ = {
			isa = XCBuildConfiguration;
			buildSettings = {
				ASSETCATALOG_COMPILER_APPICON_NAME = AppIcon;
				ASSETCATALOG_COMPILER_GLOBAL_ACCENT_COLOR_NAME = AccentColor;
				CODE_SIGN_STYLE = Automatic;
				CURRENT_PROJECT_VERSION = 1;
				DEVELOPMENT_ASSET_PATHS = "\"DelivereeApp/Preview Content\"";
				DEVELOPMENT_TEAM = 7TGA44R678;
				ENABLE_PREVIEWS = YES;
				GENERATE_INFOPLIST_FILE = YES;
				INFOPLIST_FILE = DelivereeApp/Info.plist;
				INFOPLIST_KEY_UIApplicationSceneManifest_Generation = YES;
				INFOPLIST_KEY_UIApplicationSupportsIndirectInputEvents = YES;
				INFOPLIST_KEY_UILaunchScreen_Generation = YES;
				INFOPLIST_KEY_UILaunchStoryboardName = "Launch Screen.storyboard";
				INFOPLIST_KEY_UISupportedInterfaceOrientations_iPad = "UIInterfaceOrientationPortrait UIInterfaceOrientationPortraitUpsideDown UIInterfaceOrientationLandscapeLeft UIInterfaceOrientationLandscapeRight";
				INFOPLIST_KEY_UISupportedInterfaceOrientations_iPhone = "UIInterfaceOrientationPortrait UIInterfaceOrientationLandscapeLeft UIInterfaceOrientationLandscapeRight";
				LD_RUNPATH_SEARCH_PATHS = (
					"$(inherited)",
					"@executable_path/Frameworks",
				);
				MARKETING_VERSION = 1.0;
				PRODUCT_BUNDLE_IDENTIFIER = SeitovN.DelivereeApp;
				PRODUCT_NAME = "$(TARGET_NAME)";
				SWIFT_EMIT_LOC_STRINGS = YES;
				SWIFT_VERSION = 5.0;
				TARGETED_DEVICE_FAMILY = "1,2";
			};
			name = Debug;
		};
		28362BCD29E963EC00F3F34A /* Release */ = {
			isa = XCBuildConfiguration;
			buildSettings = {
				ASSETCATALOG_COMPILER_APPICON_NAME = AppIcon;
				ASSETCATALOG_COMPILER_GLOBAL_ACCENT_COLOR_NAME = AccentColor;
				CODE_SIGN_STYLE = Automatic;
				CURRENT_PROJECT_VERSION = 1;
				DEVELOPMENT_ASSET_PATHS = "\"DelivereeApp/Preview Content\"";
				DEVELOPMENT_TEAM = 7TGA44R678;
				ENABLE_PREVIEWS = YES;
				GENERATE_INFOPLIST_FILE = YES;
				INFOPLIST_FILE = DelivereeApp/Info.plist;
				INFOPLIST_KEY_UIApplicationSceneManifest_Generation = YES;
				INFOPLIST_KEY_UIApplicationSupportsIndirectInputEvents = YES;
				INFOPLIST_KEY_UILaunchScreen_Generation = YES;
				INFOPLIST_KEY_UILaunchStoryboardName = "Launch Screen.storyboard";
				INFOPLIST_KEY_UISupportedInterfaceOrientations_iPad = "UIInterfaceOrientationPortrait UIInterfaceOrientationPortraitUpsideDown UIInterfaceOrientationLandscapeLeft UIInterfaceOrientationLandscapeRight";
				INFOPLIST_KEY_UISupportedInterfaceOrientations_iPhone = "UIInterfaceOrientationPortrait UIInterfaceOrientationLandscapeLeft UIInterfaceOrientationLandscapeRight";
				LD_RUNPATH_SEARCH_PATHS = (
					"$(inherited)",
					"@executable_path/Frameworks",
				);
				MARKETING_VERSION = 1.0;
				PRODUCT_BUNDLE_IDENTIFIER = SeitovN.DelivereeApp;
				PRODUCT_NAME = "$(TARGET_NAME)";
				SWIFT_EMIT_LOC_STRINGS = YES;
				SWIFT_VERSION = 5.0;
				TARGETED_DEVICE_FAMILY = "1,2";
			};
			name = Release;
		};
/* End XCBuildConfiguration section */

/* Begin XCConfigurationList section */
		28362BB829E963EB00F3F34A /* Build configuration list for PBXProject "DelivereeApp" */ = {
			isa = XCConfigurationList;
			buildConfigurations = (
				28362BC929E963EC00F3F34A /* Debug */,
				28362BCA29E963EC00F3F34A /* Release */,
			);
			defaultConfigurationIsVisible = 0;
			defaultConfigurationName = Release;
		};
		28362BCB29E963EC00F3F34A /* Build configuration list for PBXNativeTarget "DelivereeApp" */ = {
			isa = XCConfigurationList;
			buildConfigurations = (
				28362BCC29E963EC00F3F34A /* Debug */,
				28362BCD29E963EC00F3F34A /* Release */,
			);
			defaultConfigurationIsVisible = 0;
			defaultConfigurationName = Release;
		};
/* End XCConfigurationList section */

/* Begin XCRemoteSwiftPackageReference section */
		28362BCE29E973B600F3F34A /* XCRemoteSwiftPackageReference "SnapKit" */ = {
			isa = XCRemoteSwiftPackageReference;
			repositoryURL = "https://github.com/SnapKit/SnapKit.git";
			requirement = {
				kind = upToNextMajorVersion;
				minimumVersion = 5.0.0;
			};
		};
/* End XCRemoteSwiftPackageReference section */

/* Begin XCSwiftPackageProductDependency section */
		28362BCF29E973B600F3F34A /* SnapKit */ = {
			isa = XCSwiftPackageProductDependency;
			package = 28362BCE29E973B600F3F34A /* XCRemoteSwiftPackageReference "SnapKit" */;
			productName = SnapKit;
		};
/* End XCSwiftPackageProductDependency section */
	};
	rootObject = 28362BB529E963EB00F3F34A /* Project object */;
}
